
Microsoft Visual Studio Solution File, Format Version 12.00
# Visual Studio Version 16
VisualStudioVersion = 16.0.808.3
MinimumVisualStudioVersion = 10.0.40219.1
Project("{FAE04EC0-301F-11D3-BF4B-00C04F79EFBC}") = "FcmbTokenUtils", "FcmbTokenUtils\FcmbTokenUtils.csproj", "{1CD85AAE-3DA8-4804-B9BC-02C5320F452D}"
EndProject
Global
	GlobalSection(SolutionConfigurationPlatforms) = preSolution
		Debug|Any CPU = Debug|Any CPU
		Release|Any CPU = Release|Any CPU
	EndGlobalSection
	GlobalSection(ProjectConfigurationPlatforms) = postSolution
		{1CD85AAE-3DA8-4804-B9BC-02C5320F452D}.Debug|Any CPU.ActiveCfg = Debug|Any CPU
		{1CD85AAE-3DA8-4804-B9BC-02C5320F452D}.Debug|Any CPU.Build.0 = Debug|Any CPU
		{1CD85AAE-3DA8-4804-B9BC-02C5320F452D}.Release|Any CPU.ActiveCfg = Release|Any CPU
		{1CD85AAE-3DA8-4804-B9BC-02C5320F452D}.Release|Any CPU.Build.0 = Release|Any CPU
	EndGlobalSection
	GlobalSection(SolutionProperties) = preSolution
		HideSolutionNode = FALSE
	EndGlobalSection
	GlobalSection(ExtensibilityGlobals) = postSolution
		SolutionGuid = {AD1E7784-7AFA-4376-96E7-8ACD0EBA43E9}
	EndGlobalSection
EndGlobal
